// !$*UTF8*$!
{
	archiveVersion = 1;
	classes = {
	};
	objectVersion = 46;
	objects = {

/* Begin PBXBuildFile section */
		194ABE731FF68E5000A2707F /* assets in Resources */ = {isa = PBXBuildFile; fileRef = 194ABE721FF68E5000A2707F /* assets */; };
		194ABE7C1FF6AA9F00A2707F /* Main.swift in Sources */ = {isa = PBXBuildFile; fileRef = 194ABE7B1FF6AA9F00A2707F /* Main.swift */; };
		1985D82B1FF6851D00393B10 /* CrispView.swift in Sources */ = {isa = PBXBuildFile; fileRef = 1985D82A1FF6851D00393B10 /* CrispView.swift */; };
		D126197A1F208427000B18F6 /* AppDelegate.swift in Sources */ = {isa = PBXBuildFile; fileRef = D12619791F208427000B18F6 /* AppDelegate.swift */; };
		D126197C1F208427000B18F6 /* ViewController.swift in Sources */ = {isa = PBXBuildFile; fileRef = D126197B1F208427000B18F6 /* ViewController.swift */; };
		D126197F1F208427000B18F6 /* Main.storyboard in Resources */ = {isa = PBXBuildFile; fileRef = D126197D1F208427000B18F6 /* Main.storyboard */; };
		D12619811F208427000B18F6 /* Assets.xcassets in Resources */ = {isa = PBXBuildFile; fileRef = D12619801F208427000B18F6 /* Assets.xcassets */; };
		D12619841F208427000B18F6 /* LaunchScreen.storyboard in Resources */ = {isa = PBXBuildFile; fileRef = D12619821F208427000B18F6 /* LaunchScreen.storyboard */; };
		D12619891F208D4C000B18F6 /* Crisp.framework in Frameworks */ = {isa = PBXBuildFile; fileRef = 66110E091EA8F8B800AB8FB0 /* Crisp.framework */; };
		D126198A1F208D4C000B18F6 /* Crisp.framework in Embed Frameworks */ = {isa = PBXBuildFile; fileRef = 66110E091EA8F8B800AB8FB0 /* Crisp.framework */; settings = {ATTRIBUTES = (CodeSignOnCopy, RemoveHeadersOnCopy, ); }; };
		F288B062CD24956A38BEE566 /* Pods_Crisp.framework in Frameworks */ = {isa = PBXBuildFile; fileRef = F7CED1CA2A14C74C20CB0A98 /* Pods_Crisp.framework */; };
/* End PBXBuildFile section */

/* Begin PBXContainerItemProxy section */
		D126198B1F208D4C000B18F6 /* PBXContainerItemProxy */ = {
			isa = PBXContainerItemProxy;
			containerPortal = 66110E001EA8F8B800AB8FB0 /* Project object */;
			proxyType = 1;
			remoteGlobalIDString = 66110E081EA8F8B800AB8FB0;
			remoteInfo = Crisp;
		};
/* End PBXContainerItemProxy section */

/* Begin PBXCopyFilesBuildPhase section */
		D126198D1F208D4C000B18F6 /* Embed Frameworks */ = {
			isa = PBXCopyFilesBuildPhase;
			buildActionMask = 2147483647;
			dstPath = "";
			dstSubfolderSpec = 10;
			files = (
				D126198A1F208D4C000B18F6 /* Crisp.framework in Embed Frameworks */,
			);
			name = "Embed Frameworks";
			runOnlyForDeploymentPostprocessing = 0;
		};
/* End PBXCopyFilesBuildPhase section */

/* Begin PBXFileReference section */
		194ABE721FF68E5000A2707F /* assets */ = {isa = PBXFileReference; lastKnownFileType = folder; path = assets; sourceTree = "<group>"; };
		194ABE7B1FF6AA9F00A2707F /* Main.swift */ = {isa = PBXFileReference; lastKnownFileType = sourcecode.swift; path = Main.swift; sourceTree = "<group>"; };
		1985D82A1FF6851D00393B10 /* CrispView.swift */ = {isa = PBXFileReference; lastKnownFileType = sourcecode.swift; path = CrispView.swift; sourceTree = "<group>"; };
		66110E091EA8F8B800AB8FB0 /* Crisp.framework */ = {isa = PBXFileReference; explicitFileType = wrapper.framework; includeInIndex = 0; path = Crisp.framework; sourceTree = BUILT_PRODUCTS_DIR; };
		82CDE32E3D3522287070705A /* Pods-Crisp.release.xcconfig */ = {isa = PBXFileReference; includeInIndex = 1; lastKnownFileType = text.xcconfig; name = "Pods-Crisp.release.xcconfig"; path = "Pods/Target Support Files/Pods-Crisp/Pods-Crisp.release.xcconfig"; sourceTree = "<group>"; };
		958B48EC88621DA821717825 /* Pods-Crisp.debug.xcconfig */ = {isa = PBXFileReference; includeInIndex = 1; lastKnownFileType = text.xcconfig; name = "Pods-Crisp.debug.xcconfig"; path = "Pods/Target Support Files/Pods-Crisp/Pods-Crisp.debug.xcconfig"; sourceTree = "<group>"; };
		D123889E1EEFCE4C00E34B6F /* Alamofire.framework */ = {isa = PBXFileReference; lastKnownFileType = wrapper.framework; name = Alamofire.framework; path = Carthage/Build/iOS/Alamofire.framework; sourceTree = "<group>"; };
		D123889F1EEFCE4D00E34B6F /* EasyTipView.framework */ = {isa = PBXFileReference; lastKnownFileType = wrapper.framework; name = EasyTipView.framework; path = Carthage/Build/iOS/EasyTipView.framework; sourceTree = "<group>"; };
		D12388A01EEFCE4D00E34B6F /* FLAnimatedImage.framework */ = {isa = PBXFileReference; lastKnownFileType = wrapper.framework; name = FLAnimatedImage.framework; path = Carthage/Build/iOS/FLAnimatedImage.framework; sourceTree = "<group>"; };
		D12388A11EEFCE4D00E34B6F /* Hue.framework */ = {isa = PBXFileReference; lastKnownFileType = wrapper.framework; name = Hue.framework; path = Carthage/Build/iOS/Hue.framework; sourceTree = "<group>"; };
		D12388A21EEFCE4D00E34B6F /* Lightbox.framework */ = {isa = PBXFileReference; lastKnownFileType = wrapper.framework; name = Lightbox.framework; path = Carthage/Build/iOS/Lightbox.framework; sourceTree = "<group>"; };
		D12388A31EEFCE4D00E34B6F /* NVActivityIndicatorView.framework */ = {isa = PBXFileReference; lastKnownFileType = wrapper.framework; name = NVActivityIndicatorView.framework; path = Carthage/Build/iOS/NVActivityIndicatorView.framework; sourceTree = "<group>"; };
		D12388A41EEFCE4D00E34B6F /* ObjectMapper.framework */ = {isa = PBXFileReference; lastKnownFileType = wrapper.framework; name = ObjectMapper.framework; path = Carthage/Build/iOS/ObjectMapper.framework; sourceTree = "<group>"; };
		D12388A51EEFCE4D00E34B6F /* RxBlocking.framework */ = {isa = PBXFileReference; lastKnownFileType = wrapper.framework; name = RxBlocking.framework; path = Carthage/Build/iOS/RxBlocking.framework; sourceTree = "<group>"; };
		D12388A61EEFCE4D00E34B6F /* RxCocoa.framework */ = {isa = PBXFileReference; lastKnownFileType = wrapper.framework; name = RxCocoa.framework; path = Carthage/Build/iOS/RxCocoa.framework; sourceTree = "<group>"; };
		D12388A71EEFCE4D00E34B6F /* RxSwift.framework */ = {isa = PBXFileReference; lastKnownFileType = wrapper.framework; name = RxSwift.framework; path = Carthage/Build/iOS/RxSwift.framework; sourceTree = "<group>"; };
		D12388A81EEFCE4D00E34B6F /* RxTest.framework */ = {isa = PBXFileReference; lastKnownFileType = wrapper.framework; name = RxTest.framework; path = Carthage/Build/iOS/RxTest.framework; sourceTree = "<group>"; };
		D12388A91EEFCE4D00E34B6F /* SDWebImage.framework */ = {isa = PBXFileReference; lastKnownFileType = wrapper.framework; name = SDWebImage.framework; path = Carthage/Build/iOS/SDWebImage.framework; sourceTree = "<group>"; };
		D12388AA1EEFCE4D00E34B6F /* SnapKit.framework */ = {isa = PBXFileReference; lastKnownFileType = wrapper.framework; name = SnapKit.framework; path = Carthage/Build/iOS/SnapKit.framework; sourceTree = "<group>"; };
		D12388AB1EEFCE4D00E34B6F /* SocketIO.framework */ = {isa = PBXFileReference; lastKnownFileType = wrapper.framework; name = SocketIO.framework; path = Carthage/Build/iOS/SocketIO.framework; sourceTree = "<group>"; };
		D12388AC1EEFCE4D00E34B6F /* SwiftEventBus.framework */ = {isa = PBXFileReference; lastKnownFileType = wrapper.framework; name = SwiftEventBus.framework; path = Carthage/Build/iOS/SwiftEventBus.framework; sourceTree = "<group>"; };
		D12619771F208426000B18F6 /* Example.app */ = {isa = PBXFileReference; explicitFileType = wrapper.application; includeInIndex = 0; path = Example.app; sourceTree = BUILT_PRODUCTS_DIR; };
		D12619791F208427000B18F6 /* AppDelegate.swift */ = {isa = PBXFileReference; lastKnownFileType = sourcecode.swift; path = AppDelegate.swift; sourceTree = "<group>"; };
		D126197B1F208427000B18F6 /* ViewController.swift */ = {isa = PBXFileReference; lastKnownFileType = sourcecode.swift; path = ViewController.swift; sourceTree = "<group>"; };
		D126197E1F208427000B18F6 /* Base */ = {isa = PBXFileReference; lastKnownFileType = file.storyboard; name = Base; path = Base.lproj/Main.storyboard; sourceTree = "<group>"; };
		D12619801F208427000B18F6 /* Assets.xcassets */ = {isa = PBXFileReference; lastKnownFileType = folder.assetcatalog; path = Assets.xcassets; sourceTree = "<group>"; };
		D12619831F208427000B18F6 /* Base */ = {isa = PBXFileReference; lastKnownFileType = file.storyboard; name = Base; path = Base.lproj/LaunchScreen.storyboard; sourceTree = "<group>"; };
		D12619851F208427000B18F6 /* Info.plist */ = {isa = PBXFileReference; lastKnownFileType = text.plist.xml; path = Info.plist; sourceTree = "<group>"; };
		F7CED1CA2A14C74C20CB0A98 /* Pods_Crisp.framework */ = {isa = PBXFileReference; explicitFileType = wrapper.framework; includeInIndex = 0; path = Pods_Crisp.framework; sourceTree = BUILT_PRODUCTS_DIR; };
		FBC8DF30D2DF39340794D3E1 /* Pods_Example.framework */ = {isa = PBXFileReference; explicitFileType = wrapper.framework; includeInIndex = 0; path = Pods_Example.framework; sourceTree = BUILT_PRODUCTS_DIR; };
/* End PBXFileReference section */

/* Begin PBXFrameworksBuildPhase section */
		66110E051EA8F8B800AB8FB0 /* Frameworks */ = {
			isa = PBXFrameworksBuildPhase;
			buildActionMask = 2147483647;
			files = (
				F288B062CD24956A38BEE566 /* Pods_Crisp.framework in Frameworks */,
			);
			runOnlyForDeploymentPostprocessing = 0;
		};
		D12619741F208426000B18F6 /* Frameworks */ = {
			isa = PBXFrameworksBuildPhase;
			buildActionMask = 2147483647;
			files = (
				D12619891F208D4C000B18F6 /* Crisp.framework in Frameworks */,
			);
			runOnlyForDeploymentPostprocessing = 0;
		};
/* End PBXFrameworksBuildPhase section */

/* Begin PBXGroup section */
		66110DFF1EA8F8B800AB8FB0 = {
			isa = PBXGroup;
			children = (
				D12619781F208427000B18F6 /* Example */,
				66110E681EA8FB8500AB8FB0 /* Frameworks */,
				CDC501BCBEEF167D89FA13F2 /* Pods */,
				66110E0A1EA8F8B800AB8FB0 /* Products */,
				66110E0B1EA8F8B800AB8FB0 /* Sources */,
			);
			sourceTree = "<group>";
		};
		66110E0A1EA8F8B800AB8FB0 /* Products */ = {
			isa = PBXGroup;
			children = (
				66110E091EA8F8B800AB8FB0 /* Crisp.framework */,
				D12619771F208426000B18F6 /* Example.app */,
			);
			name = Products;
			sourceTree = "<group>";
		};
		66110E0B1EA8F8B800AB8FB0 /* Sources */ = {
			isa = PBXGroup;
			children = (
				1985D82A1FF6851D00393B10 /* CrispView.swift */,
				194ABE721FF68E5000A2707F /* assets */,
				194ABE7B1FF6AA9F00A2707F /* Main.swift */,
			);
			path = Sources;
			sourceTree = "<group>";
		};
		66110E681EA8FB8500AB8FB0 /* Frameworks */ = {
			isa = PBXGroup;
			children = (
				D123889E1EEFCE4C00E34B6F /* Alamofire.framework */,
				D123889F1EEFCE4D00E34B6F /* EasyTipView.framework */,
				D12388A01EEFCE4D00E34B6F /* FLAnimatedImage.framework */,
				D12388A11EEFCE4D00E34B6F /* Hue.framework */,
				D12388A21EEFCE4D00E34B6F /* Lightbox.framework */,
				D12388A31EEFCE4D00E34B6F /* NVActivityIndicatorView.framework */,
				D12388A41EEFCE4D00E34B6F /* ObjectMapper.framework */,
				D12388A51EEFCE4D00E34B6F /* RxBlocking.framework */,
				D12388A61EEFCE4D00E34B6F /* RxCocoa.framework */,
				D12388A71EEFCE4D00E34B6F /* RxSwift.framework */,
				D12388A81EEFCE4D00E34B6F /* RxTest.framework */,
				D12388A91EEFCE4D00E34B6F /* SDWebImage.framework */,
				D12388AA1EEFCE4D00E34B6F /* SnapKit.framework */,
				D12388AB1EEFCE4D00E34B6F /* SocketIO.framework */,
				D12388AC1EEFCE4D00E34B6F /* SwiftEventBus.framework */,
				F7CED1CA2A14C74C20CB0A98 /* Pods_Crisp.framework */,
				FBC8DF30D2DF39340794D3E1 /* Pods_Example.framework */,
			);
			name = Frameworks;
			sourceTree = "<group>";
		};
		CDC501BCBEEF167D89FA13F2 /* Pods */ = {
			isa = PBXGroup;
			children = (
				958B48EC88621DA821717825 /* Pods-Crisp.debug.xcconfig */,
				82CDE32E3D3522287070705A /* Pods-Crisp.release.xcconfig */,
			);
			name = Pods;
			sourceTree = "<group>";
		};
		D12619781F208427000B18F6 /* Example */ = {
			isa = PBXGroup;
			children = (
				D12619791F208427000B18F6 /* AppDelegate.swift */,
				D12619801F208427000B18F6 /* Assets.xcassets */,
				D12619851F208427000B18F6 /* Info.plist */,
				D12619821F208427000B18F6 /* LaunchScreen.storyboard */,
				D126197D1F208427000B18F6 /* Main.storyboard */,
				D126197B1F208427000B18F6 /* ViewController.swift */,
			);
			path = Example;
			sourceTree = "<group>";
		};
/* End PBXGroup section */

/* Begin PBXHeadersBuildPhase section */
		66110E061EA8F8B800AB8FB0 /* Headers */ = {
			isa = PBXHeadersBuildPhase;
			buildActionMask = 2147483647;
			files = (
			);
			runOnlyForDeploymentPostprocessing = 0;
		};
/* End PBXHeadersBuildPhase section */

/* Begin PBXNativeTarget section */
		66110E081EA8F8B800AB8FB0 /* Crisp */ = {
			isa = PBXNativeTarget;
			buildConfigurationList = 66110E1D1EA8F8B800AB8FB0 /* Build configuration list for PBXNativeTarget "Crisp" */;
			buildPhases = (
				C73AA4C931968C8ADB251B8E /* [CP] Check Pods Manifest.lock */,
				66110E041EA8F8B800AB8FB0 /* Sources */,
				66110E051EA8F8B800AB8FB0 /* Frameworks */,
				66110E061EA8F8B800AB8FB0 /* Headers */,
				66110E071EA8F8B800AB8FB0 /* Resources */,
			);
			buildRules = (
			);
			dependencies = (
			);
			name = Crisp;
			productName = Crisp;
			productReference = 66110E091EA8F8B800AB8FB0 /* Crisp.framework */;
			productType = "com.apple.product-type.framework";
		};
		D12619761F208426000B18F6 /* Example */ = {
			isa = PBXNativeTarget;
			buildConfigurationList = D12619861F208427000B18F6 /* Build configuration list for PBXNativeTarget "Example" */;
			buildPhases = (
				D12619731F208426000B18F6 /* Sources */,
				D12619741F208426000B18F6 /* Frameworks */,
				D12619751F208426000B18F6 /* Resources */,
				D126198D1F208D4C000B18F6 /* Embed Frameworks */,
			);
			buildRules = (
			);
			dependencies = (
				D126198C1F208D4C000B18F6 /* PBXTargetDependency */,
			);
			name = Example;
			productName = Example;
			productReference = D12619771F208426000B18F6 /* Example.app */;
			productType = "com.apple.product-type.application";
		};
/* End PBXNativeTarget section */

/* Begin PBXProject section */
		66110E001EA8F8B800AB8FB0 /* Project object */ = {
			isa = PBXProject;
			attributes = {
				LastSwiftUpdateCheck = 0830;
				LastUpgradeCheck = 0910;
				ORGANIZATIONNAME = crisp.im;
				TargetAttributes = {
					66110E081EA8F8B800AB8FB0 = {
						CreatedOnToolsVersion = 8.3.2;
						DevelopmentTeam = 26V2WGBKY3;
						LastSwiftMigration = 0910;
						ProvisioningStyle = Manual;
					};
					D12619761F208426000B18F6 = {
						CreatedOnToolsVersion = 8.3.3;
						DevelopmentTeam = 26V2WGBKY3;
						LastSwiftMigration = 0910;
						ProvisioningStyle = Automatic;
					};
				};
			};
			buildConfigurationList = 66110E031EA8F8B800AB8FB0 /* Build configuration list for PBXProject "Crisp" */;
			compatibilityVersion = "Xcode 3.2";
			developmentRegion = English;
			hasScannedForEncodings = 0;
			knownRegions = (
				en,
				Base,
				fr,
			);
			mainGroup = 66110DFF1EA8F8B800AB8FB0;
			productRefGroup = 66110E0A1EA8F8B800AB8FB0 /* Products */;
			projectDirPath = "";
			projectRoot = "";
			targets = (
				66110E081EA8F8B800AB8FB0 /* Crisp */,
				D12619761F208426000B18F6 /* Example */,
			);
		};
/* End PBXProject section */

/* Begin PBXResourcesBuildPhase section */
		66110E071EA8F8B800AB8FB0 /* Resources */ = {
			isa = PBXResourcesBuildPhase;
			buildActionMask = 2147483647;
			files = (
				194ABE731FF68E5000A2707F /* assets in Resources */,
			);
			runOnlyForDeploymentPostprocessing = 0;
		};
		D12619751F208426000B18F6 /* Resources */ = {
			isa = PBXResourcesBuildPhase;
			buildActionMask = 2147483647;
			files = (
				D12619841F208427000B18F6 /* LaunchScreen.storyboard in Resources */,
				D12619811F208427000B18F6 /* Assets.xcassets in Resources */,
				D126197F1F208427000B18F6 /* Main.storyboard in Resources */,
			);
			runOnlyForDeploymentPostprocessing = 0;
		};
/* End PBXResourcesBuildPhase section */

/* Begin PBXShellScriptBuildPhase section */
		C73AA4C931968C8ADB251B8E /* [CP] Check Pods Manifest.lock */ = {
			isa = PBXShellScriptBuildPhase;
			buildActionMask = 2147483647;
			files = (
			);
			inputPaths = (
				"${PODS_PODFILE_DIR_PATH}/Podfile.lock",
				"${PODS_ROOT}/Manifest.lock",
			);
			name = "[CP] Check Pods Manifest.lock";
			outputPaths = (
				"$(DERIVED_FILE_DIR)/Pods-Crisp-checkManifestLockResult.txt",
			);
			runOnlyForDeploymentPostprocessing = 0;
			shellPath = /bin/sh;
			shellScript = "diff \"${PODS_PODFILE_DIR_PATH}/Podfile.lock\" \"${PODS_ROOT}/Manifest.lock\" > /dev/null\nif [ $? != 0 ] ; then\n    # print error to STDERR\n    echo \"error: The sandbox is not in sync with the Podfile.lock. Run 'pod install' or update your CocoaPods installation.\" >&2\n    exit 1\nfi\n# This output is used by Xcode 'outputs' to avoid re-running this script phase.\necho \"SUCCESS\" > \"${SCRIPT_OUTPUT_FILE_0}\"\n";
			showEnvVarsInLog = 0;
		};
/* End PBXShellScriptBuildPhase section */

/* Begin PBXSourcesBuildPhase section */
		66110E041EA8F8B800AB8FB0 /* Sources */ = {
			isa = PBXSourcesBuildPhase;
			buildActionMask = 2147483647;
			files = (
				194ABE7C1FF6AA9F00A2707F /* Main.swift in Sources */,
				1985D82B1FF6851D00393B10 /* CrispView.swift in Sources */,
			);
			runOnlyForDeploymentPostprocessing = 0;
		};
		D12619731F208426000B18F6 /* Sources */ = {
			isa = PBXSourcesBuildPhase;
			buildActionMask = 2147483647;
			files = (
				D126197C1F208427000B18F6 /* ViewController.swift in Sources */,
				D126197A1F208427000B18F6 /* AppDelegate.swift in Sources */,
			);
			runOnlyForDeploymentPostprocessing = 0;
		};
/* End PBXSourcesBuildPhase section */

/* Begin PBXTargetDependency section */
		D126198C1F208D4C000B18F6 /* PBXTargetDependency */ = {
			isa = PBXTargetDependency;
			target = 66110E081EA8F8B800AB8FB0 /* Crisp */;
			targetProxy = D126198B1F208D4C000B18F6 /* PBXContainerItemProxy */;
		};
/* End PBXTargetDependency section */

/* Begin PBXVariantGroup section */
		D126197D1F208427000B18F6 /* Main.storyboard */ = {
			isa = PBXVariantGroup;
			children = (
				D126197E1F208427000B18F6 /* Base */,
			);
			name = Main.storyboard;
			path = .;
			sourceTree = "<group>";
		};
		D12619821F208427000B18F6 /* LaunchScreen.storyboard */ = {
			isa = PBXVariantGroup;
			children = (
				D12619831F208427000B18F6 /* Base */,
			);
			name = LaunchScreen.storyboard;
			path = .;
			sourceTree = "<group>";
		};
/* End PBXVariantGroup section */

/* Begin XCBuildConfiguration section */
		66110E1B1EA8F8B800AB8FB0 /* Debug */ = {
			isa = XCBuildConfiguration;
			buildSettings = {
				ALWAYS_SEARCH_USER_PATHS = NO;
				CLANG_ANALYZER_LOCALIZABILITY_NONLOCALIZED = YES;
				CLANG_ANALYZER_NONNULL = YES;
				CLANG_ANALYZER_NUMBER_OBJECT_CONVERSION = YES_AGGRESSIVE;
				CLANG_CXX_LANGUAGE_STANDARD = "gnu++0x";
				CLANG_CXX_LIBRARY = "libc++";
				CLANG_ENABLE_MODULES = YES;
				CLANG_ENABLE_OBJC_ARC = YES;
				CLANG_WARN_BLOCK_CAPTURE_AUTORELEASING = YES;
				CLANG_WARN_BOOL_CONVERSION = YES;
				CLANG_WARN_COMMA = YES;
				CLANG_WARN_CONSTANT_CONVERSION = YES;
				CLANG_WARN_DIRECT_OBJC_ISA_USAGE = YES_ERROR;
				CLANG_WARN_DOCUMENTATION_COMMENTS = YES;
				CLANG_WARN_EMPTY_BODY = YES;
				CLANG_WARN_ENUM_CONVERSION = YES;
				CLANG_WARN_INFINITE_RECURSION = YES;
				CLANG_WARN_INT_CONVERSION = YES;
				CLANG_WARN_NON_LITERAL_NULL_CONVERSION = YES;
				CLANG_WARN_OBJC_LITERAL_CONVERSION = YES;
				CLANG_WARN_OBJC_ROOT_CLASS = YES_ERROR;
				CLANG_WARN_RANGE_LOOP_ANALYSIS = YES;
				CLANG_WARN_STRICT_PROTOTYPES = YES;
				CLANG_WARN_SUSPICIOUS_MOVE = YES;
				CLANG_WARN_UNREACHABLE_CODE = YES;
				CLANG_WARN__DUPLICATE_METHOD_MATCH = YES;
				"CODE_SIGN_IDENTITY[sdk=iphoneos*]" = "iPhone Developer";
				COPY_PHASE_STRIP = NO;
				CURRENT_PROJECT_VERSION = 1;
				DEBUG_INFORMATION_FORMAT = dwarf;
				ENABLE_STRICT_OBJC_MSGSEND = YES;
				ENABLE_TESTABILITY = YES;
				GCC_C_LANGUAGE_STANDARD = gnu99;
				GCC_DYNAMIC_NO_PIC = NO;
				GCC_NO_COMMON_BLOCKS = YES;
				GCC_OPTIMIZATION_LEVEL = 0;
				GCC_PREPROCESSOR_DEFINITIONS = (
					"DEBUG=1",
					"$(inherited)",
				);
				GCC_WARN_64_TO_32_BIT_CONVERSION = YES;
				GCC_WARN_ABOUT_RETURN_TYPE = YES_ERROR;
				GCC_WARN_UNDECLARED_SELECTOR = YES;
				GCC_WARN_UNINITIALIZED_AUTOS = YES_AGGRESSIVE;
				GCC_WARN_UNUSED_FUNCTION = YES;
				GCC_WARN_UNUSED_VARIABLE = YES;
				IPHONEOS_DEPLOYMENT_TARGET = 10.3;
				MTL_ENABLE_DEBUG_INFO = YES;
				ONLY_ACTIVE_ARCH = YES;
				SDKROOT = iphoneos;
				SWIFT_ACTIVE_COMPILATION_CONDITIONS = DEBUG;
				SWIFT_OPTIMIZATION_LEVEL = "-Onone";
				SWIFT_VERSION = 4.0;
				TARGETED_DEVICE_FAMILY = "1,2";
				VERSIONING_SYSTEM = "apple-generic";
				VERSION_INFO_PREFIX = "";
			};
			name = Debug;
		};
		66110E1C1EA8F8B800AB8FB0 /* Release */ = {
			isa = XCBuildConfiguration;
			buildSettings = {
				ALWAYS_SEARCH_USER_PATHS = NO;
				CLANG_ANALYZER_LOCALIZABILITY_NONLOCALIZED = YES;
				CLANG_ANALYZER_NONNULL = YES;
				CLANG_ANALYZER_NUMBER_OBJECT_CONVERSION = YES_AGGRESSIVE;
				CLANG_CXX_LANGUAGE_STANDARD = "gnu++0x";
				CLANG_CXX_LIBRARY = "libc++";
				CLANG_ENABLE_MODULES = YES;
				CLANG_ENABLE_OBJC_ARC = YES;
				CLANG_WARN_BLOCK_CAPTURE_AUTORELEASING = YES;
				CLANG_WARN_BOOL_CONVERSION = YES;
				CLANG_WARN_COMMA = YES;
				CLANG_WARN_CONSTANT_CONVERSION = YES;
				CLANG_WARN_DIRECT_OBJC_ISA_USAGE = YES_ERROR;
				CLANG_WARN_DOCUMENTATION_COMMENTS = YES;
				CLANG_WARN_EMPTY_BODY = YES;
				CLANG_WARN_ENUM_CONVERSION = YES;
				CLANG_WARN_INFINITE_RECURSION = YES;
				CLANG_WARN_INT_CONVERSION = YES;
				CLANG_WARN_NON_LITERAL_NULL_CONVERSION = YES;
				CLANG_WARN_OBJC_LITERAL_CONVERSION = YES;
				CLANG_WARN_OBJC_ROOT_CLASS = YES_ERROR;
				CLANG_WARN_RANGE_LOOP_ANALYSIS = YES;
				CLANG_WARN_STRICT_PROTOTYPES = YES;
				CLANG_WARN_SUSPICIOUS_MOVE = YES;
				CLANG_WARN_UNREACHABLE_CODE = YES;
				CLANG_WARN__DUPLICATE_METHOD_MATCH = YES;
				"CODE_SIGN_IDENTITY[sdk=iphoneos*]" = "iPhone Developer";
				COPY_PHASE_STRIP = NO;
				CURRENT_PROJECT_VERSION = 1;
				DEBUG_INFORMATION_FORMAT = "dwarf-with-dsym";
				ENABLE_NS_ASSERTIONS = NO;
				ENABLE_STRICT_OBJC_MSGSEND = YES;
				GCC_C_LANGUAGE_STANDARD = gnu99;
				GCC_NO_COMMON_BLOCKS = YES;
				GCC_WARN_64_TO_32_BIT_CONVERSION = YES;
				GCC_WARN_ABOUT_RETURN_TYPE = YES_ERROR;
				GCC_WARN_UNDECLARED_SELECTOR = YES;
				GCC_WARN_UNINITIALIZED_AUTOS = YES_AGGRESSIVE;
				GCC_WARN_UNUSED_FUNCTION = YES;
				GCC_WARN_UNUSED_VARIABLE = YES;
				IPHONEOS_DEPLOYMENT_TARGET = 10.3;
				MTL_ENABLE_DEBUG_INFO = NO;
				SDKROOT = iphoneos;
				SWIFT_OPTIMIZATION_LEVEL = "-Owholemodule";
				SWIFT_VERSION = 4.0;
				TARGETED_DEVICE_FAMILY = "1,2";
				VALIDATE_PRODUCT = YES;
				VERSIONING_SYSTEM = "apple-generic";
				VERSION_INFO_PREFIX = "";
			};
			name = Release;
		};
		66110E1E1EA8F8B800AB8FB0 /* Debug */ = {
			isa = XCBuildConfiguration;
			baseConfigurationReference = 958B48EC88621DA821717825 /* Pods-Crisp.debug.xcconfig */;
			buildSettings = {
				ALWAYS_EMBED_SWIFT_STANDARD_LIBRARIES = YES;
				CLANG_ENABLE_MODULES = YES;
				CODE_SIGN_IDENTITY = "";
				"CODE_SIGN_IDENTITY[sdk=iphoneos*]" = "";
				DEFINES_MODULE = YES;
				DEVELOPMENT_TEAM = 26V2WGBKY3;
				DYLIB_COMPATIBILITY_VERSION = 1;
				DYLIB_CURRENT_VERSION = 1;
				DYLIB_INSTALL_NAME_BASE = "@rpath";
				ENABLE_BITCODE = YES;
				FRAMEWORK_SEARCH_PATHS = "$(inherited)";
				INFOPLIST_FILE = Sources/Info.plist;
				INSTALL_PATH = "$(LOCAL_LIBRARY_DIR)/Frameworks";
				LD_RUNPATH_SEARCH_PATHS = "$(inherited) @executable_path/Frameworks @loader_path/Frameworks";
				OTHER_CFLAGS = "$(inherited)";
				OTHER_LDFLAGS = "$(inherited)";
				PRODUCT_BUNDLE_IDENTIFIER = "im.crisp.crisp-sdk";
				PRODUCT_NAME = "$(TARGET_NAME)";
				PROVISIONING_PROFILE_SPECIFIER = "";
				SKIP_INSTALL = NO;
				SWIFT_OPTIMIZATION_LEVEL = "-Onone";
				SWIFT_VERSION = 4.0;
			};
			name = Debug;
		};
		66110E1F1EA8F8B800AB8FB0 /* Release */ = {
			isa = XCBuildConfiguration;
			baseConfigurationReference = 82CDE32E3D3522287070705A /* Pods-Crisp.release.xcconfig */;
			buildSettings = {
				ALWAYS_EMBED_SWIFT_STANDARD_LIBRARIES = YES;
				CLANG_ENABLE_MODULES = YES;
				CODE_SIGN_IDENTITY = "";
				"CODE_SIGN_IDENTITY[sdk=iphoneos*]" = "";
				DEFINES_MODULE = YES;
				DEVELOPMENT_TEAM = 26V2WGBKY3;
				DYLIB_COMPATIBILITY_VERSION = 1;
				DYLIB_CURRENT_VERSION = 1;
				DYLIB_INSTALL_NAME_BASE = "@rpath";
				ENABLE_BITCODE = YES;
				FRAMEWORK_SEARCH_PATHS = "$(inherited)";
				INFOPLIST_FILE = Sources/Info.plist;
				INSTALL_PATH = "$(LOCAL_LIBRARY_DIR)/Frameworks";
				LD_RUNPATH_SEARCH_PATHS = "$(inherited) @executable_path/Frameworks @loader_path/Frameworks";
				OTHER_CFLAGS = "$(inherited)";
				OTHER_LDFLAGS = "$(inherited)";
				PRODUCT_BUNDLE_IDENTIFIER = "im.crisp.crisp-sdk";
				PRODUCT_NAME = "$(TARGET_NAME)";
				PROVISIONING_PROFILE_SPECIFIER = "";
				SKIP_INSTALL = NO;
				SWIFT_VERSION = 4.0;
			};
			name = Release;
		};
		D12619871F208427000B18F6 /* Debug */ = {
			isa = XCBuildConfiguration;
			buildSettings = {
				ALWAYS_EMBED_SWIFT_STANDARD_LIBRARIES = YES;
				ASSETCATALOG_COMPILER_APPICON_NAME = AppIcon;
				DEVELOPMENT_TEAM = 26V2WGBKY3;
				INFOPLIST_FILE = Example/Info.plist;
				LD_RUNPATH_SEARCH_PATHS = "$(inherited) @executable_path/Frameworks";
				PRODUCT_BUNDLE_IDENTIFIER = im.crisp.Example;
				PRODUCT_NAME = "$(TARGET_NAME)";
				SWIFT_VERSION = 4.0;
			};
			name = Debug;
		};
		D12619881F208427000B18F6 /* Release */ = {
			isa = XCBuildConfiguration;
			buildSettings = {
				ALWAYS_EMBED_SWIFT_STANDARD_LIBRARIES = YES;
				ASSETCATALOG_COMPILER_APPICON_NAME = AppIcon;
				DEVELOPMENT_TEAM = 26V2WGBKY3;
				INFOPLIST_FILE = Example/Info.plist;
				LD_RUNPATH_SEARCH_PATHS = "$(inherited) @executable_path/Frameworks";
				PRODUCT_BUNDLE_IDENTIFIER = im.crisp.Example;
				PRODUCT_NAME = "$(TARGET_NAME)";
				SWIFT_VERSION = 4.0;
			};
			name = Release;
		};
/* End XCBuildConfiguration section */

/* Begin XCConfigurationList section */
		66110E031EA8F8B800AB8FB0 /* Build configuration list for PBXProject "Crisp" */ = {
			isa = XCConfigurationList;
			buildConfigurations = (
				66110E1B1EA8F8B800AB8FB0 /* Debug */,
				66110E1C1EA8F8B800AB8FB0 /* Release */,
			);
			defaultConfigurationIsVisible = 0;
			defaultConfigurationName = Release;
		};
		66110E1D1EA8F8B800AB8FB0 /* Build configuration list for PBXNativeTarget "Crisp" */ = {
			isa = XCConfigurationList;
			buildConfigurations = (
				66110E1E1EA8F8B800AB8FB0 /* Debug */,
				66110E1F1EA8F8B800AB8FB0 /* Release */,
			);
			defaultConfigurationIsVisible = 0;
			defaultConfigurationName = Release;
		};
		D12619861F208427000B18F6 /* Build configuration list for PBXNativeTarget "Example" */ = {
			isa = XCConfigurationList;
			buildConfigurations = (
				D12619871F208427000B18F6 /* Debug */,
				D12619881F208427000B18F6 /* Release */,
			);
			defaultConfigurationIsVisible = 0;
			defaultConfigurationName = Release;
		};
/* End XCConfigurationList section */
	};
	rootObject = 66110E001EA8F8B800AB8FB0 /* Project object */;
}
